
Microsoft Visual Studio Solution File, Format Version 12.00
# Visual Studio 15
VisualStudioVersion = 15.0.27004.2010
MinimumVisualStudioVersion = 10.0.40219.1
Project("{FAE04EC0-301F-11D3-BF4B-00C04F79EFBC}") = "TAUtil", "TAUtil\TAUtil.csproj", "{71AE8770-7794-4CF8-88F1-1D7429F24EB4}"
EndProject
Project("{FAE04EC0-301F-11D3-BF4B-00C04F79EFBC}") = "TAUtil.Gdi", "TAUtil.Gdi\TAUtil.Gdi.csproj", "{CBF5CEC6-3710-4F40-8A8E-EF57870B7793}"
EndProject
Project("{FAE04EC0-301F-11D3-BF4B-00C04F79EFBC}") = "TAUtil.Hpi", "TAUtil.Hpi\TAUtil.Hpi.csproj", "{A13082E4-3557-4666-BF02-B376C9907B69}"
EndProject
Project("{FAE04EC0-301F-11D3-BF4B-00C04F79EFBC}") = "HpiTester", "HpiTester\HpiTester.csproj", "{F476CCD9-54CA-4A51-AE22-8A2E65F9B741}"
EndProject
Global
	GlobalSection(SolutionConfigurationPlatforms) = preSolution
		Debug|Any CPU = Debug|Any CPU
		Release|Any CPU = Release|Any CPU
	EndGlobalSection
	GlobalSection(ProjectConfigurationPlatforms) = postSolution
		{71AE8770-7794-4CF8-88F1-1D7429F24EB4}.Debug|Any CPU.ActiveCfg = Debug|Any CPU
		{71AE8770-7794-4CF8-88F1-1D7429F24EB4}.Debug|Any CPU.Build.0 = Debug|Any CPU
		{71AE8770-7794-4CF8-88F1-1D7429F24EB4}.Release|Any CPU.ActiveCfg = Release|Any CPU
		{71AE8770-7794-4CF8-88F1-1D7429F24EB4}.Release|Any CPU.Build.0 = Release|Any CPU
		{CBF5CEC6-3710-4F40-8A8E-EF57870B7793}.Debug|Any CPU.ActiveCfg = Debug|Any CPU
		{CBF5CEC6-3710-4F40-8A8E-EF57870B7793}.Debug|Any CPU.Build.0 = Debug|Any CPU
		{CBF5CEC6-3710-4F40-8A8E-EF57870B7793}.Release|Any CPU.ActiveCfg = Release|Any CPU
		{CBF5CEC6-3710-4F40-8A8E-EF57870B7793}.Release|Any CPU.Build.0 = Release|Any CPU
		{A13082E4-3557-4666-BF02-B376C9907B69}.Debug|Any CPU.ActiveCfg = Debug|Any CPU
		{A13082E4-3557-4666-BF02-B376C9907B69}.Debug|Any CPU.Build.0 = Debug|Any CPU
		{A13082E4-3557-4666-BF02-B376C9907B69}.Release|Any CPU.ActiveCfg = Release|Any CPU
		{A13082E4-3557-4666-BF02-B376C9907B69}.Release|Any CPU.Build.0 = Release|Any CPU
		{F476CCD9-54CA-4A51-AE22-8A2E65F9B741}.Debug|Any CPU.ActiveCfg = Debug|Any CPU
		{F476CCD9-54CA-4A51-AE22-8A2E65F9B741}.Debug|Any CPU.Build.0 = Debug|Any CPU
		{F476CCD9-54CA-4A51-AE22-8A2E65F9B741}.Release|Any CPU.ActiveCfg = Release|Any CPU
		{F476CCD9-54CA-4A51-AE22-8A2E65F9B741}.Release|Any CPU.Build.0 = Release|Any CPU
	EndGlobalSection
	GlobalSection(SolutionProperties) = preSolution
		HideSolutionNode = FALSE
	EndGlobalSection
	GlobalSection(ExtensibilityGlobals) = postSolution
		SolutionGuid = {26D8860D-18AC-4C00-9067-F2D32F399F7C}
	EndGlobalSection
EndGlobal
