
Microsoft Visual Studio Solution File, Format Version 12.00
# Visual Studio 2013
VisualStudioVersion = 12.0.31101.0
MinimumVisualStudioVersion = 10.0.40219.1
Project("{FAE04EC0-301F-11D3-BF4B-00C04F79EFBC}") = "TAUtil", "TAUtil\TAUtil.csproj", "{71AE8770-7794-4CF8-88F1-1D7429F24EB4}"
EndProject
Project("{FAE04EC0-301F-11D3-BF4B-00C04F79EFBC}") = "TAUtil.Gdi", "TAUtil.Gdi\TAUtil.Gdi.csproj", "{CBF5CEC6-3710-4F40-8A8E-EF57870B7793}"
EndProject
Global
	GlobalSection(SolutionConfigurationPlatforms) = preSolution
		Debug|Any CPU = Debug|Any CPU
		Release|Any CPU = Release|Any CPU
	EndGlobalSection
	GlobalSection(ProjectConfigurationPlatforms) = postSolution
		{71AE8770-7794-4CF8-88F1-1D7429F24EB4}.Debug|Any CPU.ActiveCfg = Debug|Any CPU
		{71AE8770-7794-4CF8-88F1-1D7429F24EB4}.Debug|Any CPU.Build.0 = Debug|Any CPU
		{71AE8770-7794-4CF8-88F1-1D7429F24EB4}.Release|Any CPU.ActiveCfg = Release|Any CPU
		{71AE8770-7794-4CF8-88F1-1D7429F24EB4}.Release|Any CPU.Build.0 = Release|Any CPU
		{CBF5CEC6-3710-4F40-8A8E-EF57870B7793}.Debug|Any CPU.ActiveCfg = Debug|Any CPU
		{CBF5CEC6-3710-4F40-8A8E-EF57870B7793}.Debug|Any CPU.Build.0 = Debug|Any CPU
		{CBF5CEC6-3710-4F40-8A8E-EF57870B7793}.Release|Any CPU.ActiveCfg = Release|Any CPU
		{CBF5CEC6-3710-4F40-8A8E-EF57870B7793}.Release|Any CPU.Build.0 = Release|Any CPU
	EndGlobalSection
	GlobalSection(SolutionProperties) = preSolution
		HideSolutionNode = FALSE
	EndGlobalSection
EndGlobal
